
Microsoft Visual Studio Solution File, Format Version 12.00
# Visual Studio 2010
Project("{FAE04EC0-301F-11D3-BF4B-00C04F79EFBC}") = "TheFacePlace", "TheFacePlace\TheFacePlace.csproj", "{797C4CDD-146A-4375-BCA3-41B2A6EFD6DF}"
EndProject
Global
	GlobalSection(SolutionConfigurationPlatforms) = preSolution
		Debug|Any CPU = Debug|Any CPU
		Release|Any CPU = Release|Any CPU
	EndGlobalSection
	GlobalSection(ProjectConfigurationPlatforms) = postSolution
		{797C4CDD-146A-4375-BCA3-41B2A6EFD6DF}.Debug|Any CPU.ActiveCfg = Debug|Any CPU
		{797C4CDD-146A-4375-BCA3-41B2A6EFD6DF}.Debug|Any CPU.Build.0 = Debug|Any CPU
		{797C4CDD-146A-4375-BCA3-41B2A6EFD6DF}.Release|Any CPU.ActiveCfg = Release|Any CPU
		{797C4CDD-146A-4375-BCA3-41B2A6EFD6DF}.Release|Any CPU.Build.0 = Release|Any CPU
	EndGlobalSection
	GlobalSection(SolutionProperties) = preSolution
		HideSolutionNode = FALSE
	EndGlobalSection
EndGlobal
